
Microsoft Visual Studio Solution File, Format Version 12.00
# Visual Studio Version 17
VisualStudioVersion = 17.3.32922.545
MinimumVisualStudioVersion = 10.0.40219.1
Project("{FAE04EC0-301F-11D3-BF4B-00C04F79EFBC}") = "1-Tesis.ETLApi", "1-Tesis.ETLApi\1-Tesis.ETLApi.csproj", "{DB23811A-6E20-41BA-8930-594933631F4F}"
EndProject
Project("{FAE04EC0-301F-11D3-BF4B-00C04F79EFBC}") = "5-Tesis.TransverseInfraestructure", "5-Tesis.TransverseInfraestructure\5-Tesis.TransverseInfraestructure.csproj", "{AE102375-52B1-4091-B42B-214660862C36}"
EndProject
Project("{FAE04EC0-301F-11D3-BF4B-00C04F79EFBC}") = "4-Tesis.DataAccess", "4-Tesis.DataAccess\4-Tesis.DataAccess.csproj", "{6D298DF5-34AA-467F-B7A5-5E87B5976BA3}"
EndProject
Project("{FAE04EC0-301F-11D3-BF4B-00C04F79EFBC}") = "3-Tesis.Domain", "3-Tesis.Domain\3-Tesis.Domain.csproj", "{E9896635-871C-4633-9639-01CEE72A092C}"
EndProject
Project("{FAE04EC0-301F-11D3-BF4B-00C04F79EFBC}") = "2-Tesis.Application", "2-Tesis.Application\2-Tesis.Application.csproj", "{17A0C516-23D7-4FFA-B12D-6795F6F9BAFC}"
EndProject
Global
	GlobalSection(SolutionConfigurationPlatforms) = preSolution
		Debug|Any CPU = Debug|Any CPU
		Release|Any CPU = Release|Any CPU
	EndGlobalSection
	GlobalSection(ProjectConfigurationPlatforms) = postSolution
		{DB23811A-6E20-41BA-8930-594933631F4F}.Debug|Any CPU.ActiveCfg = Debug|Any CPU
		{DB23811A-6E20-41BA-8930-594933631F4F}.Debug|Any CPU.Build.0 = Debug|Any CPU
		{DB23811A-6E20-41BA-8930-594933631F4F}.Release|Any CPU.ActiveCfg = Release|Any CPU
		{DB23811A-6E20-41BA-8930-594933631F4F}.Release|Any CPU.Build.0 = Release|Any CPU
		{AE102375-52B1-4091-B42B-214660862C36}.Debug|Any CPU.ActiveCfg = Debug|Any CPU
		{AE102375-52B1-4091-B42B-214660862C36}.Debug|Any CPU.Build.0 = Debug|Any CPU
		{AE102375-52B1-4091-B42B-214660862C36}.Release|Any CPU.ActiveCfg = Release|Any CPU
		{AE102375-52B1-4091-B42B-214660862C36}.Release|Any CPU.Build.0 = Release|Any CPU
		{6D298DF5-34AA-467F-B7A5-5E87B5976BA3}.Debug|Any CPU.ActiveCfg = Debug|Any CPU
		{6D298DF5-34AA-467F-B7A5-5E87B5976BA3}.Debug|Any CPU.Build.0 = Debug|Any CPU
		{6D298DF5-34AA-467F-B7A5-5E87B5976BA3}.Release|Any CPU.ActiveCfg = Release|Any CPU
		{6D298DF5-34AA-467F-B7A5-5E87B5976BA3}.Release|Any CPU.Build.0 = Release|Any CPU
		{E9896635-871C-4633-9639-01CEE72A092C}.Debug|Any CPU.ActiveCfg = Debug|Any CPU
		{E9896635-871C-4633-9639-01CEE72A092C}.Debug|Any CPU.Build.0 = Debug|Any CPU
		{E9896635-871C-4633-9639-01CEE72A092C}.Release|Any CPU.ActiveCfg = Release|Any CPU
		{E9896635-871C-4633-9639-01CEE72A092C}.Release|Any CPU.Build.0 = Release|Any CPU
		{17A0C516-23D7-4FFA-B12D-6795F6F9BAFC}.Debug|Any CPU.ActiveCfg = Debug|Any CPU
		{17A0C516-23D7-4FFA-B12D-6795F6F9BAFC}.Debug|Any CPU.Build.0 = Debug|Any CPU
		{17A0C516-23D7-4FFA-B12D-6795F6F9BAFC}.Release|Any CPU.ActiveCfg = Release|Any CPU
		{17A0C516-23D7-4FFA-B12D-6795F6F9BAFC}.Release|Any CPU.Build.0 = Release|Any CPU
	EndGlobalSection
	GlobalSection(SolutionProperties) = preSolution
		HideSolutionNode = FALSE
	EndGlobalSection
	GlobalSection(ExtensibilityGlobals) = postSolution
		SolutionGuid = {19DA19C9-160C-4D96-B1A3-10477CAADB17}
	EndGlobalSection
EndGlobal
